
Microsoft Visual Studio Solution File, Format Version 12.00
# Visual Studio Version 17
VisualStudioVersion = 17.0.32112.339
MinimumVisualStudioVersion = 10.0.40219.1
Project("{2150E333-8FDC-42A3-9474-1A3956D46DE8}") = "Docs", "Docs", "{9FF900B5-66B4-4E04-8801-729F983B99F9}"
EndProject
Project("{2150E333-8FDC-42A3-9474-1A3956D46DE8}") = "Source", "Source", "{4983B6BA-BC93-415F-B8DA-2D867C0B8CA3}"
EndProject
Project("{2150E333-8FDC-42A3-9474-1A3956D46DE8}") = "Test", "Test", "{43ABE359-C7F1-46C0-A337-C4F44C6FA11E}"
EndProject
Project("{2150E333-8FDC-42A3-9474-1A3956D46DE8}") = "Core", "Core", "{84B5583C-67B4-4603-9BFA-6022A13D7DFE}"
EndProject
Project("{9A19103F-16F7-4668-BE54-9A1E7A4F7556}") = "Application", "Application\Application.csproj", "{B8791C10-6A99-4F15-BFFF-642A015C81A3}"
EndProject
Project("{9A19103F-16F7-4668-BE54-9A1E7A4F7556}") = "Domain", "Domain\Domain.csproj", "{5B048CD3-B6FE-44FB-A86D-B902DB609680}"
EndProject
Project("{2150E333-8FDC-42A3-9474-1A3956D46DE8}") = "Infrastructure", "Infrastructure", "{E7D29AC8-B95C-4747-8EBA-EFFBB4B3D255}"
EndProject
Project("{2150E333-8FDC-42A3-9474-1A3956D46DE8}") = "WebApi", "WebApi", "{68E8CB58-A74A-4218-8F10-24A561E241EB}"
EndProject
Project("{9A19103F-16F7-4668-BE54-9A1E7A4F7556}") = "Infrastructure.Identity", "Infrastructure.Identity\Infrastructure.Identity.csproj", "{1B4EECC3-2229-43D0-A2AC-831A5FFAB940}"
EndProject
Project("{9A19103F-16F7-4668-BE54-9A1E7A4F7556}") = "Infrastructure.Persistence", "Infrastructure.Persistence\Infrastructure.Persistence.csproj", "{4CD84A78-C70F-4D41-8673-B16397F466AB}"
EndProject
Project("{9A19103F-16F7-4668-BE54-9A1E7A4F7556}") = "Infrastructure.Shared", "Infrastructure.Shared\Infrastructure.Shared.csproj", "{A7A85B99-6DCD-4808-8E36-637F5367D325}"
EndProject
Project("{9A19103F-16F7-4668-BE54-9A1E7A4F7556}") = "VGWebAPI", "WebAPI\VGWebAPI.csproj", "{3A5D93F8-A4E9-4F44-A498-74A9A683D881}"
EndProject
Global
	GlobalSection(SolutionConfigurationPlatforms) = preSolution
		Debug|Any CPU = Debug|Any CPU
		Release|Any CPU = Release|Any CPU
	EndGlobalSection
	GlobalSection(ProjectConfigurationPlatforms) = postSolution
		{B8791C10-6A99-4F15-BFFF-642A015C81A3}.Debug|Any CPU.ActiveCfg = Debug|Any CPU
		{B8791C10-6A99-4F15-BFFF-642A015C81A3}.Debug|Any CPU.Build.0 = Debug|Any CPU
		{B8791C10-6A99-4F15-BFFF-642A015C81A3}.Release|Any CPU.ActiveCfg = Release|Any CPU
		{B8791C10-6A99-4F15-BFFF-642A015C81A3}.Release|Any CPU.Build.0 = Release|Any CPU
		{5B048CD3-B6FE-44FB-A86D-B902DB609680}.Debug|Any CPU.ActiveCfg = Debug|Any CPU
		{5B048CD3-B6FE-44FB-A86D-B902DB609680}.Debug|Any CPU.Build.0 = Debug|Any CPU
		{5B048CD3-B6FE-44FB-A86D-B902DB609680}.Release|Any CPU.ActiveCfg = Release|Any CPU
		{5B048CD3-B6FE-44FB-A86D-B902DB609680}.Release|Any CPU.Build.0 = Release|Any CPU
		{1B4EECC3-2229-43D0-A2AC-831A5FFAB940}.Debug|Any CPU.ActiveCfg = Debug|Any CPU
		{1B4EECC3-2229-43D0-A2AC-831A5FFAB940}.Debug|Any CPU.Build.0 = Debug|Any CPU
		{1B4EECC3-2229-43D0-A2AC-831A5FFAB940}.Release|Any CPU.ActiveCfg = Release|Any CPU
		{1B4EECC3-2229-43D0-A2AC-831A5FFAB940}.Release|Any CPU.Build.0 = Release|Any CPU
		{4CD84A78-C70F-4D41-8673-B16397F466AB}.Debug|Any CPU.ActiveCfg = Debug|Any CPU
		{4CD84A78-C70F-4D41-8673-B16397F466AB}.Debug|Any CPU.Build.0 = Debug|Any CPU
		{4CD84A78-C70F-4D41-8673-B16397F466AB}.Release|Any CPU.ActiveCfg = Release|Any CPU
		{4CD84A78-C70F-4D41-8673-B16397F466AB}.Release|Any CPU.Build.0 = Release|Any CPU
		{A7A85B99-6DCD-4808-8E36-637F5367D325}.Debug|Any CPU.ActiveCfg = Debug|Any CPU
		{A7A85B99-6DCD-4808-8E36-637F5367D325}.Debug|Any CPU.Build.0 = Debug|Any CPU
		{A7A85B99-6DCD-4808-8E36-637F5367D325}.Release|Any CPU.ActiveCfg = Release|Any CPU
		{A7A85B99-6DCD-4808-8E36-637F5367D325}.Release|Any CPU.Build.0 = Release|Any CPU
		{3A5D93F8-A4E9-4F44-A498-74A9A683D881}.Debug|Any CPU.ActiveCfg = Debug|Any CPU
		{3A5D93F8-A4E9-4F44-A498-74A9A683D881}.Debug|Any CPU.Build.0 = Debug|Any CPU
		{3A5D93F8-A4E9-4F44-A498-74A9A683D881}.Release|Any CPU.ActiveCfg = Release|Any CPU
		{3A5D93F8-A4E9-4F44-A498-74A9A683D881}.Release|Any CPU.Build.0 = Release|Any CPU
	EndGlobalSection
	GlobalSection(SolutionProperties) = preSolution
		HideSolutionNode = FALSE
	EndGlobalSection
	GlobalSection(NestedProjects) = preSolution
		{84B5583C-67B4-4603-9BFA-6022A13D7DFE} = {4983B6BA-BC93-415F-B8DA-2D867C0B8CA3}
		{B8791C10-6A99-4F15-BFFF-642A015C81A3} = {84B5583C-67B4-4603-9BFA-6022A13D7DFE}
		{5B048CD3-B6FE-44FB-A86D-B902DB609680} = {84B5583C-67B4-4603-9BFA-6022A13D7DFE}
		{E7D29AC8-B95C-4747-8EBA-EFFBB4B3D255} = {4983B6BA-BC93-415F-B8DA-2D867C0B8CA3}
		{68E8CB58-A74A-4218-8F10-24A561E241EB} = {4983B6BA-BC93-415F-B8DA-2D867C0B8CA3}
		{1B4EECC3-2229-43D0-A2AC-831A5FFAB940} = {E7D29AC8-B95C-4747-8EBA-EFFBB4B3D255}
		{4CD84A78-C70F-4D41-8673-B16397F466AB} = {E7D29AC8-B95C-4747-8EBA-EFFBB4B3D255}
		{A7A85B99-6DCD-4808-8E36-637F5367D325} = {E7D29AC8-B95C-4747-8EBA-EFFBB4B3D255}
		{3A5D93F8-A4E9-4F44-A498-74A9A683D881} = {68E8CB58-A74A-4218-8F10-24A561E241EB}
	EndGlobalSection
	GlobalSection(ExtensibilityGlobals) = postSolution
		SolutionGuid = {5CDE1A85-6136-4002-97F3-2778E3D33774}
	EndGlobalSection
EndGlobal
